lockVersion: 2.0.0
id: 7b361cb9-7960-4aa9-aefb-1d3ff2bbe54b
management:
  docChecksum: 3403616a2f0f820ee5bdf9184764ef27
  docVersion: 0.0.1
  speakeasyVersion: internal
  generationVersion: 2.250.19
  releaseVersion: 2.0.0
  configChecksum: 9337c7c315af056fd2f2485d798176f3
  repoURL: https://github.com/hathora/cloud-sdk-java.git
  repoSubDirectory: .
  published: true
features:
  java:
    constsAndDefaults: 0.1.0
    core: 3.10.0
    deprecations: 2.81.1
    flattening: 2.81.1
    globalSecurity: 2.82.2
    globalServerURLs: 2.82.1
    globals: 2.81.1
    methodSecurity: 2.82.1
    unions: 0.0.2
generatedFiles:
  - lib/src/main/java/dev/hathora/cloud_api/SecuritySource.java
  - lib/src/main/java/dev/hathora/cloud_api/SDKConfiguration.java
  - lib/src/main/java/dev/hathora/cloud_api/AppV1.java
  - lib/src/main/java/dev/hathora/cloud_api/AuthV1.java
  - lib/src/main/java/dev/hathora/cloud_api/BillingV1.java
  - lib/src/main/java/dev/hathora/cloud_api/BuildV1.java
  - lib/src/main/java/dev/hathora/cloud_api/DeploymentV1.java
  - lib/src/main/java/dev/hathora/cloud_api/DiscoveryV1.java
  - lib/src/main/java/dev/hathora/cloud_api/LobbyV1.java
  - lib/src/main/java/dev/hathora/cloud_api/LobbyV2.java
  - lib/src/main/java/dev/hathora/cloud_api/LobbyV3.java
  - lib/src/main/java/dev/hathora/cloud_api/LogV1.java
  - lib/src/main/java/dev/hathora/cloud_api/ManagementV1.java
  - lib/src/main/java/dev/hathora/cloud_api/MetricsV1.java
  - lib/src/main/java/dev/hathora/cloud_api/ProcessesV1.java
  - lib/src/main/java/dev/hathora/cloud_api/ProcessesV2.java
  - lib/src/main/java/dev/hathora/cloud_api/RoomV1.java
  - lib/src/main/java/dev/hathora/cloud_api/RoomV2.java
  - lib/src/main/java/dev/hathora/cloud_api/models/operations/CreateAppRequestBuilder.java
  - lib/src/main/java/dev/hathora/cloud_api/models/operations/DeleteAppRequestBuilder.java
  - lib/src/main/java/dev/hathora/cloud_api/models/operations/GetAppInfoRequestBuilder.java
  - lib/src/main/java/dev/hathora/cloud_api/models/operations/GetAppsRequestBuilder.java
  - lib/src/main/java/dev/hathora/cloud_api/models/operations/UpdateAppRequestBuilder.java
  - lib/src/main/java/dev/hathora/cloud_api/models/operations/LoginAnonymousRequestBuilder.java
  - lib/src/main/java/dev/hathora/cloud_api/models/operations/LoginGoogleRequestBuilder.java
  - lib/src/main/java/dev/hathora/cloud_api/models/operations/LoginNicknameRequestBuilder.java
  - lib/src/main/java/dev/hathora/cloud_api/models/operations/GetBalanceRequestBuilder.java
  - lib/src/main/java/dev/hathora/cloud_api/models/operations/GetInvoicesRequestBuilder.java
  - lib/src/main/java/dev/hathora/cloud_api/models/operations/GetPaymentMethodRequestBuilder.java
  - lib/src/main/java/dev/hathora/cloud_api/models/operations/InitStripeCustomerPortalUrlRequestBuilder.java
  - lib/src/main/java/dev/hathora/cloud_api/models/operations/CreateBuildRequestBuilder.java
  - lib/src/main/java/dev/hathora/cloud_api/models/operations/DeleteBuildRequestBuilder.java
  - lib/src/main/java/dev/hathora/cloud_api/models/operations/GetBuildInfoRequestBuilder.java
  - lib/src/main/java/dev/hathora/cloud_api/models/operations/GetBuildsRequestBuilder.java
  - lib/src/main/java/dev/hathora/cloud_api/models/operations/RunBuildRequestBuilder.java
  - lib/src/main/java/dev/hathora/cloud_api/models/operations/CreateDeploymentRequestBuilder.java
  - lib/src/main/java/dev/hathora/cloud_api/models/operations/GetDeploymentInfoRequestBuilder.java
  - lib/src/main/java/dev/hathora/cloud_api/models/operations/GetDeploymentsRequestBuilder.java
  - lib/src/main/java/dev/hathora/cloud_api/models/operations/GetPingServiceEndpointsRequestBuilder.java
  - lib/src/main/java/dev/hathora/cloud_api/models/operations/CreatePrivateLobbyDeprecatedRequestBuilder.java
  - lib/src/main/java/dev/hathora/cloud_api/models/operations/CreatePublicLobbyDeprecatedRequestBuilder.java
  - lib/src/main/java/dev/hathora/cloud_api/models/operations/ListActivePublicLobbiesDeprecatedV1RequestBuilder.java
  - lib/src/main/java/dev/hathora/cloud_api/models/operations/CreateLobbyDeprecatedRequestBuilder.java
  - lib/src/main/java/dev/hathora/cloud_api/models/operations/CreateLocalLobbyRequestBuilder.java
  - lib/src/main/java/dev/hathora/cloud_api/models/operations/CreatePrivateLobbyRequestBuilder.java
  - lib/src/main/java/dev/hathora/cloud_api/models/operations/CreatePublicLobbyRequestBuilder.java
  - lib/src/main/java/dev/hathora/cloud_api/models/operations/GetLobbyInfoRequestBuilder.java
  - lib/src/main/java/dev/hathora/cloud_api/models/operations/ListActivePublicLobbiesDeprecatedV2RequestBuilder.java
  - lib/src/main/java/dev/hathora/cloud_api/models/operations/SetLobbyStateRequestBuilder.java
  - lib/src/main/java/dev/hathora/cloud_api/models/operations/CreateLobbyRequestBuilder.java
  - lib/src/main/java/dev/hathora/cloud_api/models/operations/GetLobbyInfoByRoomIdRequestBuilder.java
  - lib/src/main/java/dev/hathora/cloud_api/models/operations/GetLobbyInfoByShortCodeRequestBuilder.java
  - lib/src/main/java/dev/hathora/cloud_api/models/operations/ListActivePublicLobbiesRequestBuilder.java
  - lib/src/main/java/dev/hathora/cloud_api/models/operations/DownloadLogForProcessRequestBuilder.java
  - lib/src/main/java/dev/hathora/cloud_api/models/operations/GetLogsForAppRequestBuilder.java
  - lib/src/main/java/dev/hathora/cloud_api/models/operations/GetLogsForDeploymentRequestBuilder.java
  - lib/src/main/java/dev/hathora/cloud_api/models/operations/GetLogsForProcessRequestBuilder.java
  - lib/src/main/java/dev/hathora/cloud_api/models/operations/SendVerificationEmailRequestBuilder.java
  - lib/src/main/java/dev/hathora/cloud_api/models/operations/GetMetricsRequestBuilder.java
  - lib/src/main/java/dev/hathora/cloud_api/models/operations/GetProcessInfoDeprecatedRequestBuilder.java
  - lib/src/main/java/dev/hathora/cloud_api/models/operations/GetRunningProcessesRequestBuilder.java
  - lib/src/main/java/dev/hathora/cloud_api/models/operations/GetStoppedProcessesRequestBuilder.java
  - lib/src/main/java/dev/hathora/cloud_api/models/operations/GetLatestProcessesRequestBuilder.java
  - lib/src/main/java/dev/hathora/cloud_api/models/operations/GetProcessInfoRequestBuilder.java
  - lib/src/main/java/dev/hathora/cloud_api/models/operations/CreateRoomDeprecatedRequestBuilder.java
  - lib/src/main/java/dev/hathora/cloud_api/models/operations/DestroyRoomDeprecatedRequestBuilder.java
  - lib/src/main/java/dev/hathora/cloud_api/models/operations/GetActiveRoomsForProcessDeprecatedRequestBuilder.java
  - lib/src/main/java/dev/hathora/cloud_api/models/operations/GetConnectionInfoDeprecatedRequestBuilder.java
  - lib/src/main/java/dev/hathora/cloud_api/models/operations/GetInactiveRoomsForProcessDeprecatedRequestBuilder.java
  - lib/src/main/java/dev/hathora/cloud_api/models/operations/GetRoomInfoDeprecatedRequestBuilder.java
  - lib/src/main/java/dev/hathora/cloud_api/models/operations/SuspendRoomDeprecatedRequestBuilder.java
  - lib/src/main/java/dev/hathora/cloud_api/models/operations/CreateRoomRequestBuilder.java
  - lib/src/main/java/dev/hathora/cloud_api/models/operations/DestroyRoomRequestBuilder.java
  - lib/src/main/java/dev/hathora/cloud_api/models/operations/GetActiveRoomsForProcessRequestBuilder.java
  - lib/src/main/java/dev/hathora/cloud_api/models/operations/GetConnectionInfoRequestBuilder.java
  - lib/src/main/java/dev/hathora/cloud_api/models/operations/GetInactiveRoomsForProcessRequestBuilder.java
  - lib/src/main/java/dev/hathora/cloud_api/models/operations/GetRoomInfoRequestBuilder.java
  - lib/src/main/java/dev/hathora/cloud_api/models/operations/SuspendRoomRequestBuilder.java
  - lib/src/main/java/dev/hathora/cloud_api/models/operations/UpdateRoomConfigRequestBuilder.java
  - lib/src/main/java/dev/hathora/cloud_api/models/operations/SDKMethodInterfaces.java
  - lib/src/main/java/dev/hathora/cloud_api/HathoraCloud.java
  - .gitattributes
  - gradle/wrapper/gradle-wrapper.jar
  - gradle/wrapper/gradle-wrapper.properties
  - gradlew
  - gradlew.bat
  - lib/build.gradle
  - lib/src/main/java/dev/hathora/cloud_api/utils/FormMetadata.java
  - lib/src/main/java/dev/hathora/cloud_api/utils/HTTPClient.java
  - lib/src/main/java/dev/hathora/cloud_api/utils/HTTPRequest.java
  - lib/src/main/java/dev/hathora/cloud_api/utils/HeaderMetadata.java
  - lib/src/main/java/dev/hathora/cloud_api/utils/JSON.java
  - lib/src/main/java/dev/hathora/cloud_api/utils/LazySingletonValue.java
  - lib/src/main/java/dev/hathora/cloud_api/utils/Metadata.java
  - lib/src/main/java/dev/hathora/cloud_api/utils/MultipartFormMetadata.java
  - lib/src/main/java/dev/hathora/cloud_api/utils/OneOfDeserializer.java
  - lib/src/main/java/dev/hathora/cloud_api/utils/PathParamsMetadata.java
  - lib/src/main/java/dev/hathora/cloud_api/utils/QueryParameters.java
  - lib/src/main/java/dev/hathora/cloud_api/utils/QueryParamsMetadata.java
  - lib/src/main/java/dev/hathora/cloud_api/utils/RequestBody.java
  - lib/src/main/java/dev/hathora/cloud_api/utils/RequestMetadata.java
  - lib/src/main/java/dev/hathora/cloud_api/utils/Security.java
  - lib/src/main/java/dev/hathora/cloud_api/utils/SecurityMetadata.java
  - lib/src/main/java/dev/hathora/cloud_api/utils/SerializedBody.java
  - lib/src/main/java/dev/hathora/cloud_api/utils/SpeakeasyHTTPClient.java
  - lib/src/main/java/dev/hathora/cloud_api/utils/SpeakeasyHTTPSecurityClient.java
  - lib/src/main/java/dev/hathora/cloud_api/utils/SpeakeasyMetadata.java
  - lib/src/main/java/dev/hathora/cloud_api/utils/Types.java
  - lib/src/main/java/dev/hathora/cloud_api/utils/Utils.java
  - lib/src/main/java/dev/hathora/cloud_api/models/errors/SDKError.java
  - settings.gradle
  - lib/src/main/java/dev/hathora/cloud_api/models/operations/CreateAppResponse.java
  - lib/src/main/java/dev/hathora/cloud_api/models/operations/DeleteAppRequest.java
  - lib/src/main/java/dev/hathora/cloud_api/models/operations/DeleteAppResponse.java
  - lib/src/main/java/dev/hathora/cloud_api/models/operations/GetAppInfoRequest.java
  - lib/src/main/java/dev/hathora/cloud_api/models/operations/GetAppInfoResponse.java
  - lib/src/main/java/dev/hathora/cloud_api/models/operations/GetAppsResponse.java
  - lib/src/main/java/dev/hathora/cloud_api/models/operations/UpdateAppRequest.java
  - lib/src/main/java/dev/hathora/cloud_api/models/operations/UpdateAppResponse.java
  - lib/src/main/java/dev/hathora/cloud_api/models/operations/LoginAnonymousRequest.java
  - lib/src/main/java/dev/hathora/cloud_api/models/operations/LoginAnonymousResponse.java
  - lib/src/main/java/dev/hathora/cloud_api/models/operations/LoginGoogleRequest.java
  - lib/src/main/java/dev/hathora/cloud_api/models/operations/LoginGoogleResponse.java
  - lib/src/main/java/dev/hathora/cloud_api/models/operations/LoginNicknameRequest.java
  - lib/src/main/java/dev/hathora/cloud_api/models/operations/LoginNicknameResponse.java
  - lib/src/main/java/dev/hathora/cloud_api/models/operations/GetBalanceResponse.java
  - lib/src/main/java/dev/hathora/cloud_api/models/operations/GetInvoicesResponse.java
  - lib/src/main/java/dev/hathora/cloud_api/models/operations/GetPaymentMethodResponse.java
  - lib/src/main/java/dev/hathora/cloud_api/models/operations/InitStripeCustomerPortalUrlResponse.java
  - lib/src/main/java/dev/hathora/cloud_api/models/operations/CreateBuildRequest.java
  - lib/src/main/java/dev/hathora/cloud_api/models/operations/CreateBuildResponse.java
  - lib/src/main/java/dev/hathora/cloud_api/models/operations/DeleteBuildRequest.java
  - lib/src/main/java/dev/hathora/cloud_api/models/operations/DeleteBuildResponse.java
  - lib/src/main/java/dev/hathora/cloud_api/models/operations/GetBuildInfoRequest.java
  - lib/src/main/java/dev/hathora/cloud_api/models/operations/GetBuildInfoResponse.java
  - lib/src/main/java/dev/hathora/cloud_api/models/operations/GetBuildsRequest.java
  - lib/src/main/java/dev/hathora/cloud_api/models/operations/GetBuildsResponse.java
  - lib/src/main/java/dev/hathora/cloud_api/models/operations/File.java
  - lib/src/main/java/dev/hathora/cloud_api/models/operations/RunBuildRequestBody.java
  - lib/src/main/java/dev/hathora/cloud_api/models/operations/RunBuildRequest.java
  - lib/src/main/java/dev/hathora/cloud_api/models/operations/RunBuildResponse.java
  - lib/src/main/java/dev/hathora/cloud_api/models/operations/CreateDeploymentRequest.java
  - lib/src/main/java/dev/hathora/cloud_api/models/operations/CreateDeploymentResponse.java
  - lib/src/main/java/dev/hathora/cloud_api/models/operations/GetDeploymentInfoRequest.java
  - lib/src/main/java/dev/hathora/cloud_api/models/operations/GetDeploymentInfoResponse.java
  - lib/src/main/java/dev/hathora/cloud_api/models/operations/GetDeploymentsRequest.java
  - lib/src/main/java/dev/hathora/cloud_api/models/operations/GetDeploymentsResponse.java
  - lib/src/main/java/dev/hathora/cloud_api/models/operations/GetPingServiceEndpointsResponse.java
  - lib/src/main/java/dev/hathora/cloud_api/models/operations/CreatePrivateLobbyDeprecatedSecurity.java
  - lib/src/main/java/dev/hathora/cloud_api/models/operations/CreatePrivateLobbyDeprecatedRequest.java
  - lib/src/main/java/dev/hathora/cloud_api/models/operations/CreatePrivateLobbyDeprecatedResponse.java
  - lib/src/main/java/dev/hathora/cloud_api/models/operations/CreatePublicLobbyDeprecatedSecurity.java
  - lib/src/main/java/dev/hathora/cloud_api/models/operations/CreatePublicLobbyDeprecatedRequest.java
  - lib/src/main/java/dev/hathora/cloud_api/models/operations/CreatePublicLobbyDeprecatedResponse.java
  - lib/src/main/java/dev/hathora/cloud_api/models/operations/ListActivePublicLobbiesDeprecatedV1Request.java
  - lib/src/main/java/dev/hathora/cloud_api/models/operations/ListActivePublicLobbiesDeprecatedV1Response.java
  - lib/src/main/java/dev/hathora/cloud_api/models/operations/CreateLobbyDeprecatedSecurity.java
  - lib/src/main/java/dev/hathora/cloud_api/models/operations/CreateLobbyDeprecatedRequest.java
  - lib/src/main/java/dev/hathora/cloud_api/models/operations/CreateLobbyDeprecatedResponse.java
  - lib/src/main/java/dev/hathora/cloud_api/models/operations/CreateLocalLobbySecurity.java
  - lib/src/main/java/dev/hathora/cloud_api/models/operations/CreateLocalLobbyRequestBody.java
  - lib/src/main/java/dev/hathora/cloud_api/models/operations/CreateLocalLobbyRequest.java
  - lib/src/main/java/dev/hathora/cloud_api/models/operations/CreateLocalLobbyResponse.java
  - lib/src/main/java/dev/hathora/cloud_api/models/operations/CreatePrivateLobbySecurity.java
  - lib/src/main/java/dev/hathora/cloud_api/models/operations/CreatePrivateLobbyRequestBody.java
  - lib/src/main/java/dev/hathora/cloud_api/models/operations/CreatePrivateLobbyRequest.java
  - lib/src/main/java/dev/hathora/cloud_api/models/operations/CreatePrivateLobbyResponse.java
  - lib/src/main/java/dev/hathora/cloud_api/models/operations/CreatePublicLobbySecurity.java
  - lib/src/main/java/dev/hathora/cloud_api/models/operations/CreatePublicLobbyRequestBody.java
  - lib/src/main/java/dev/hathora/cloud_api/models/operations/CreatePublicLobbyRequest.java
  - lib/src/main/java/dev/hathora/cloud_api/models/operations/CreatePublicLobbyResponse.java
  - lib/src/main/java/dev/hathora/cloud_api/models/operations/GetLobbyInfoRequest.java
  - lib/src/main/java/dev/hathora/cloud_api/models/operations/GetLobbyInfoResponse.java
  - lib/src/main/java/dev/hathora/cloud_api/models/operations/ListActivePublicLobbiesDeprecatedV2Request.java
  - lib/src/main/java/dev/hathora/cloud_api/models/operations/ListActivePublicLobbiesDeprecatedV2Response.java
  - lib/src/main/java/dev/hathora/cloud_api/models/operations/SetLobbyStateRequest.java
  - lib/src/main/java/dev/hathora/cloud_api/models/operations/SetLobbyStateResponse.java
  - lib/src/main/java/dev/hathora/cloud_api/models/operations/CreateLobbySecurity.java
  - lib/src/main/java/dev/hathora/cloud_api/models/operations/CreateLobbyRequest.java
  - lib/src/main/java/dev/hathora/cloud_api/models/operations/CreateLobbyResponse.java
  - lib/src/main/java/dev/hathora/cloud_api/models/operations/GetLobbyInfoByRoomIdRequest.java
  - lib/src/main/java/dev/hathora/cloud_api/models/operations/GetLobbyInfoByRoomIdResponse.java
  - lib/src/main/java/dev/hathora/cloud_api/models/operations/GetLobbyInfoByShortCodeRequest.java
  - lib/src/main/java/dev/hathora/cloud_api/models/operations/GetLobbyInfoByShortCodeResponse.java
  - lib/src/main/java/dev/hathora/cloud_api/models/operations/ListActivePublicLobbiesRequest.java
  - lib/src/main/java/dev/hathora/cloud_api/models/operations/ListActivePublicLobbiesResponse.java
  - lib/src/main/java/dev/hathora/cloud_api/models/operations/DownloadLogForProcessRequest.java
  - lib/src/main/java/dev/hathora/cloud_api/models/operations/DownloadLogForProcessResponse.java
  - lib/src/main/java/dev/hathora/cloud_api/models/operations/GetLogsForAppRequest.java
  - lib/src/main/java/dev/hathora/cloud_api/models/operations/GetLogsForAppResponse.java
  - lib/src/main/java/dev/hathora/cloud_api/models/operations/GetLogsForDeploymentRequest.java
  - lib/src/main/java/dev/hathora/cloud_api/models/operations/GetLogsForDeploymentResponse.java
  - lib/src/main/java/dev/hathora/cloud_api/models/operations/GetLogsForProcessRequest.java
  - lib/src/main/java/dev/hathora/cloud_api/models/operations/GetLogsForProcessResponse.java
  - lib/src/main/java/dev/hathora/cloud_api/models/operations/SendVerificationEmailResponse.java
  - lib/src/main/java/dev/hathora/cloud_api/models/operations/GetMetricsRequest.java
  - lib/src/main/java/dev/hathora/cloud_api/models/operations/GetMetricsResponse.java
  - lib/src/main/java/dev/hathora/cloud_api/models/operations/GetProcessInfoDeprecatedRequest.java
  - lib/src/main/java/dev/hathora/cloud_api/models/operations/GetProcessInfoDeprecatedResponse.java
  - lib/src/main/java/dev/hathora/cloud_api/models/operations/GetRunningProcessesRequest.java
  - lib/src/main/java/dev/hathora/cloud_api/models/operations/GetRunningProcessesResponse.java
  - lib/src/main/java/dev/hathora/cloud_api/models/operations/GetStoppedProcessesRequest.java
  - lib/src/main/java/dev/hathora/cloud_api/models/operations/GetStoppedProcessesResponse.java
  - lib/src/main/java/dev/hathora/cloud_api/models/operations/GetLatestProcessesRequest.java
  - lib/src/main/java/dev/hathora/cloud_api/models/operations/GetLatestProcessesResponse.java
  - lib/src/main/java/dev/hathora/cloud_api/models/operations/GetProcessInfoRequest.java
  - lib/src/main/java/dev/hathora/cloud_api/models/operations/GetProcessInfoResponse.java
  - lib/src/main/java/dev/hathora/cloud_api/models/operations/CreateRoomDeprecatedRequest.java
  - lib/src/main/java/dev/hathora/cloud_api/models/operations/CreateRoomDeprecatedResponse.java
  - lib/src/main/java/dev/hathora/cloud_api/models/operations/DestroyRoomDeprecatedRequest.java
  - lib/src/main/java/dev/hathora/cloud_api/models/operations/DestroyRoomDeprecatedResponse.java
  - lib/src/main/java/dev/hathora/cloud_api/models/operations/GetActiveRoomsForProcessDeprecatedRequest.java
  - lib/src/main/java/dev/hathora/cloud_api/models/operations/GetActiveRoomsForProcessDeprecatedResponse.java
  - lib/src/main/java/dev/hathora/cloud_api/models/operations/GetConnectionInfoDeprecatedRequest.java
  - lib/src/main/java/dev/hathora/cloud_api/models/operations/GetConnectionInfoDeprecatedResponse.java
  - lib/src/main/java/dev/hathora/cloud_api/models/operations/GetInactiveRoomsForProcessDeprecatedRequest.java
  - lib/src/main/java/dev/hathora/cloud_api/models/operations/GetInactiveRoomsForProcessDeprecatedResponse.java
  - lib/src/main/java/dev/hathora/cloud_api/models/operations/GetRoomInfoDeprecatedRequest.java
  - lib/src/main/java/dev/hathora/cloud_api/models/operations/GetRoomInfoDeprecatedResponse.java
  - lib/src/main/java/dev/hathora/cloud_api/models/operations/SuspendRoomDeprecatedRequest.java
  - lib/src/main/java/dev/hathora/cloud_api/models/operations/SuspendRoomDeprecatedResponse.java
  - lib/src/main/java/dev/hathora/cloud_api/models/operations/CreateRoomRequest.java
  - lib/src/main/java/dev/hathora/cloud_api/models/operations/CreateRoomResponse.java
  - lib/src/main/java/dev/hathora/cloud_api/models/operations/DestroyRoomRequest.java
  - lib/src/main/java/dev/hathora/cloud_api/models/operations/DestroyRoomResponse.java
  - lib/src/main/java/dev/hathora/cloud_api/models/operations/GetActiveRoomsForProcessRequest.java
  - lib/src/main/java/dev/hathora/cloud_api/models/operations/GetActiveRoomsForProcessResponse.java
  - lib/src/main/java/dev/hathora/cloud_api/models/operations/GetConnectionInfoRequest.java
  - lib/src/main/java/dev/hathora/cloud_api/models/operations/GetConnectionInfoResponse.java
  - lib/src/main/java/dev/hathora/cloud_api/models/operations/GetInactiveRoomsForProcessRequest.java
  - lib/src/main/java/dev/hathora/cloud_api/models/operations/GetInactiveRoomsForProcessResponse.java
  - lib/src/main/java/dev/hathora/cloud_api/models/operations/GetRoomInfoRequest.java
  - lib/src/main/java/dev/hathora/cloud_api/models/operations/GetRoomInfoResponse.java
  - lib/src/main/java/dev/hathora/cloud_api/models/operations/SuspendRoomRequest.java
  - lib/src/main/java/dev/hathora/cloud_api/models/operations/SuspendRoomResponse.java
  - lib/src/main/java/dev/hathora/cloud_api/models/operations/UpdateRoomConfigRequest.java
  - lib/src/main/java/dev/hathora/cloud_api/models/operations/UpdateRoomConfigResponse.java
  - lib/src/main/java/dev/hathora/cloud_api/models/shared/Application.java
  - lib/src/main/java/dev/hathora/cloud_api/models/shared/Google.java
  - lib/src/main/java/dev/hathora/cloud_api/models/shared/AuthConfiguration.java
  - lib/src/main/java/dev/hathora/cloud_api/models/shared/RecordStringNever.java
  - lib/src/main/java/dev/hathora/cloud_api/models/shared/ApiError.java
  - lib/src/main/java/dev/hathora/cloud_api/models/shared/AppConfig.java
  - lib/src/main/java/dev/hathora/cloud_api/models/shared/ApplicationWithDeployment.java
  - lib/src/main/java/dev/hathora/cloud_api/models/shared/Env.java
  - lib/src/main/java/dev/hathora/cloud_api/models/shared/DeploymentTransportType.java
  - lib/src/main/java/dev/hathora/cloud_api/models/shared/Deployment.java
  - lib/src/main/java/dev/hathora/cloud_api/models/shared/PlanName.java
  - lib/src/main/java/dev/hathora/cloud_api/models/shared/ContainerPort.java
  - lib/src/main/java/dev/hathora/cloud_api/models/shared/TransportType.java
  - lib/src/main/java/dev/hathora/cloud_api/models/shared/LoginResponse.java
  - lib/src/main/java/dev/hathora/cloud_api/models/shared/LoginGoogleRequest.java
  - lib/src/main/java/dev/hathora/cloud_api/models/shared/LoginNicknameRequest.java
  - lib/src/main/java/dev/hathora/cloud_api/models/shared/InvoiceStatus.java
  - lib/src/main/java/dev/hathora/cloud_api/models/shared/Invoice.java
  - lib/src/main/java/dev/hathora/cloud_api/models/shared/PaymentMethod.java
  - lib/src/main/java/dev/hathora/cloud_api/models/shared/LinkPaymentMethod.java
  - lib/src/main/java/dev/hathora/cloud_api/models/shared/CardPaymentMethod.java
  - lib/src/main/java/dev/hathora/cloud_api/models/shared/CardBrand.java
  - lib/src/main/java/dev/hathora/cloud_api/models/shared/AchPaymentMethod.java
  - lib/src/main/java/dev/hathora/cloud_api/models/shared/CustomerPortalUrl.java
  - lib/src/main/java/dev/hathora/cloud_api/models/shared/RegionalContainerTags.java
  - lib/src/main/java/dev/hathora/cloud_api/models/shared/BuildStatus.java
  - lib/src/main/java/dev/hathora/cloud_api/models/shared/Build.java
  - lib/src/main/java/dev/hathora/cloud_api/models/shared/Region.java
  - lib/src/main/java/dev/hathora/cloud_api/models/shared/CreateBuildParams.java
  - lib/src/main/java/dev/hathora/cloud_api/models/shared/DeploymentConfigEnv.java
  - lib/src/main/java/dev/hathora/cloud_api/models/shared/DeploymentConfig.java
  - lib/src/main/java/dev/hathora/cloud_api/models/shared/DiscoveryResponse.java
  - lib/src/main/java/dev/hathora/cloud_api/models/shared/State.java
  - lib/src/main/java/dev/hathora/cloud_api/models/shared/Lobby.java
  - lib/src/main/java/dev/hathora/cloud_api/models/shared/LobbyVisibility.java
  - lib/src/main/java/dev/hathora/cloud_api/models/shared/LobbyInitialConfig.java
  - lib/src/main/java/dev/hathora/cloud_api/models/shared/CreateLobbyParams.java
  - lib/src/main/java/dev/hathora/cloud_api/models/shared/SetLobbyStateParamsState.java
  - lib/src/main/java/dev/hathora/cloud_api/models/shared/SetLobbyStateParams.java
  - lib/src/main/java/dev/hathora/cloud_api/models/shared/LobbyV3.java
  - lib/src/main/java/dev/hathora/cloud_api/models/shared/CreateLobbyV3Params.java
  - lib/src/main/java/dev/hathora/cloud_api/models/shared/VerificationEmailResponseStatus.java
  - lib/src/main/java/dev/hathora/cloud_api/models/shared/VerificationEmailResponse.java
  - lib/src/main/java/dev/hathora/cloud_api/models/shared/VerificationEmailRequest.java
  - lib/src/main/java/dev/hathora/cloud_api/models/shared/MetricsResponse.java
  - lib/src/main/java/dev/hathora/cloud_api/models/shared/MetricValue.java
  - lib/src/main/java/dev/hathora/cloud_api/models/shared/MetricName.java
  - lib/src/main/java/dev/hathora/cloud_api/models/shared/Process.java
  - lib/src/main/java/dev/hathora/cloud_api/models/shared/ExposedPort.java
  - lib/src/main/java/dev/hathora/cloud_api/models/shared/ProcessWithRooms.java
  - lib/src/main/java/dev/hathora/cloud_api/models/shared/RoomWithoutAllocationsCurrentAllocation.java
  - lib/src/main/java/dev/hathora/cloud_api/models/shared/RoomWithoutAllocations.java
  - lib/src/main/java/dev/hathora/cloud_api/models/shared/RoomStatus.java
  - lib/src/main/java/dev/hathora/cloud_api/models/shared/ProcessV2.java
  - lib/src/main/java/dev/hathora/cloud_api/models/shared/ProcessStatus.java
  - lib/src/main/java/dev/hathora/cloud_api/models/shared/CreateRoomParams.java
  - lib/src/main/java/dev/hathora/cloud_api/models/shared/ConnectionInfo.java
  - lib/src/main/java/dev/hathora/cloud_api/models/shared/StartingConnectionInfoStatus.java
  - lib/src/main/java/dev/hathora/cloud_api/models/shared/StartingConnectionInfo.java
  - lib/src/main/java/dev/hathora/cloud_api/models/shared/Status.java
  - lib/src/main/java/dev/hathora/cloud_api/models/shared/ActiveConnectionInfo.java
  - lib/src/main/java/dev/hathora/cloud_api/models/shared/CurrentAllocation.java
  - lib/src/main/java/dev/hathora/cloud_api/models/shared/Room.java
  - lib/src/main/java/dev/hathora/cloud_api/models/shared/RoomAllocation.java
  - lib/src/main/java/dev/hathora/cloud_api/models/shared/CreateRoomResponseStatus.java
  - lib/src/main/java/dev/hathora/cloud_api/models/shared/CreateRoomResponse.java
  - lib/src/main/java/dev/hathora/cloud_api/models/shared/ConnectionInfoV2Status.java
  - lib/src/main/java/dev/hathora/cloud_api/models/shared/ConnectionInfoV2.java
  - lib/src/main/java/dev/hathora/cloud_api/models/shared/UpdateRoomConfigParams.java
  - lib/src/main/java/dev/hathora/cloud_api/models/shared/Security.java
  - docs/models/operations/CreateAppResponse.md
  - docs/models/operations/DeleteAppRequest.md
  - docs/models/operations/DeleteAppResponse.md
  - docs/models/operations/GetAppInfoRequest.md
  - docs/models/operations/GetAppInfoResponse.md
  - docs/models/operations/GetAppsResponse.md
  - docs/models/operations/UpdateAppRequest.md
  - docs/models/operations/UpdateAppResponse.md
  - docs/models/operations/LoginAnonymousRequest.md
  - docs/models/operations/LoginAnonymousResponse.md
  - docs/models/operations/LoginGoogleRequest.md
  - docs/models/operations/LoginGoogleResponse.md
  - docs/models/operations/LoginNicknameRequest.md
  - docs/models/operations/LoginNicknameResponse.md
  - docs/models/operations/GetBalanceResponse.md
  - docs/models/operations/GetInvoicesResponse.md
  - docs/models/operations/GetPaymentMethodResponse.md
  - docs/models/operations/InitStripeCustomerPortalUrlResponse.md
  - docs/models/operations/CreateBuildRequest.md
  - docs/models/operations/CreateBuildResponse.md
  - docs/models/operations/DeleteBuildRequest.md
  - docs/models/operations/DeleteBuildResponse.md
  - docs/models/operations/GetBuildInfoRequest.md
  - docs/models/operations/GetBuildInfoResponse.md
  - docs/models/operations/GetBuildsRequest.md
  - docs/models/operations/GetBuildsResponse.md
  - docs/models/operations/File.md
  - docs/models/operations/RunBuildRequestBody.md
  - docs/models/operations/RunBuildRequest.md
  - docs/models/operations/RunBuildResponse.md
  - docs/models/operations/CreateDeploymentRequest.md
  - docs/models/operations/CreateDeploymentResponse.md
  - docs/models/operations/GetDeploymentInfoRequest.md
  - docs/models/operations/GetDeploymentInfoResponse.md
  - docs/models/operations/GetDeploymentsRequest.md
  - docs/models/operations/GetDeploymentsResponse.md
  - docs/models/operations/GetPingServiceEndpointsResponse.md
  - docs/models/operations/CreatePrivateLobbyDeprecatedSecurity.md
  - docs/models/operations/CreatePrivateLobbyDeprecatedRequest.md
  - docs/models/operations/CreatePrivateLobbyDeprecatedResponse.md
  - docs/models/operations/CreatePublicLobbyDeprecatedSecurity.md
  - docs/models/operations/CreatePublicLobbyDeprecatedRequest.md
  - docs/models/operations/CreatePublicLobbyDeprecatedResponse.md
  - docs/models/operations/ListActivePublicLobbiesDeprecatedV1Request.md
  - docs/models/operations/ListActivePublicLobbiesDeprecatedV1Response.md
  - docs/models/operations/CreateLobbyDeprecatedSecurity.md
  - docs/models/operations/CreateLobbyDeprecatedRequest.md
  - docs/models/operations/CreateLobbyDeprecatedResponse.md
  - docs/models/operations/CreateLocalLobbySecurity.md
  - docs/models/operations/CreateLocalLobbyRequestBody.md
  - docs/models/operations/CreateLocalLobbyRequest.md
  - docs/models/operations/CreateLocalLobbyResponse.md
  - docs/models/operations/CreatePrivateLobbySecurity.md
  - docs/models/operations/CreatePrivateLobbyRequestBody.md
  - docs/models/operations/CreatePrivateLobbyRequest.md
  - docs/models/operations/CreatePrivateLobbyResponse.md
  - docs/models/operations/CreatePublicLobbySecurity.md
  - docs/models/operations/CreatePublicLobbyRequestBody.md
  - docs/models/operations/CreatePublicLobbyRequest.md
  - docs/models/operations/CreatePublicLobbyResponse.md
  - docs/models/operations/GetLobbyInfoRequest.md
  - docs/models/operations/GetLobbyInfoResponse.md
  - docs/models/operations/ListActivePublicLobbiesDeprecatedV2Request.md
  - docs/models/operations/ListActivePublicLobbiesDeprecatedV2Response.md
  - docs/models/operations/SetLobbyStateRequest.md
  - docs/models/operations/SetLobbyStateResponse.md
  - docs/models/operations/CreateLobbySecurity.md
  - docs/models/operations/CreateLobbyRequest.md
  - docs/models/operations/CreateLobbyResponse.md
  - docs/models/operations/GetLobbyInfoByRoomIdRequest.md
  - docs/models/operations/GetLobbyInfoByRoomIdResponse.md
  - docs/models/operations/GetLobbyInfoByShortCodeRequest.md
  - docs/models/operations/GetLobbyInfoByShortCodeResponse.md
  - docs/models/operations/ListActivePublicLobbiesRequest.md
  - docs/models/operations/ListActivePublicLobbiesResponse.md
  - docs/models/operations/DownloadLogForProcessRequest.md
  - docs/models/operations/DownloadLogForProcessResponse.md
  - docs/models/operations/GetLogsForAppRequest.md
  - docs/models/operations/GetLogsForAppResponse.md
  - docs/models/operations/GetLogsForDeploymentRequest.md
  - docs/models/operations/GetLogsForDeploymentResponse.md
  - docs/models/operations/GetLogsForProcessRequest.md
  - docs/models/operations/GetLogsForProcessResponse.md
  - docs/models/operations/SendVerificationEmailResponse.md
  - docs/models/operations/GetMetricsRequest.md
  - docs/models/operations/GetMetricsResponse.md
  - docs/models/operations/GetProcessInfoDeprecatedRequest.md
  - docs/models/operations/GetProcessInfoDeprecatedResponse.md
  - docs/models/operations/GetRunningProcessesRequest.md
  - docs/models/operations/GetRunningProcessesResponse.md
  - docs/models/operations/GetStoppedProcessesRequest.md
  - docs/models/operations/GetStoppedProcessesResponse.md
  - docs/models/operations/GetLatestProcessesRequest.md
  - docs/models/operations/GetLatestProcessesResponse.md
  - docs/models/operations/GetProcessInfoRequest.md
  - docs/models/operations/GetProcessInfoResponse.md
  - docs/models/operations/CreateRoomDeprecatedRequest.md
  - docs/models/operations/CreateRoomDeprecatedResponse.md
  - docs/models/operations/DestroyRoomDeprecatedRequest.md
  - docs/models/operations/DestroyRoomDeprecatedResponse.md
  - docs/models/operations/GetActiveRoomsForProcessDeprecatedRequest.md
  - docs/models/operations/GetActiveRoomsForProcessDeprecatedResponse.md
  - docs/models/operations/GetConnectionInfoDeprecatedRequest.md
  - docs/models/operations/GetConnectionInfoDeprecatedResponse.md
  - docs/models/operations/GetInactiveRoomsForProcessDeprecatedRequest.md
  - docs/models/operations/GetInactiveRoomsForProcessDeprecatedResponse.md
  - docs/models/operations/GetRoomInfoDeprecatedRequest.md
  - docs/models/operations/GetRoomInfoDeprecatedResponse.md
  - docs/models/operations/SuspendRoomDeprecatedRequest.md
  - docs/models/operations/SuspendRoomDeprecatedResponse.md
  - docs/models/operations/CreateRoomRequest.md
  - docs/models/operations/CreateRoomResponse.md
  - docs/models/operations/DestroyRoomRequest.md
  - docs/models/operations/DestroyRoomResponse.md
  - docs/models/operations/GetActiveRoomsForProcessRequest.md
  - docs/models/operations/GetActiveRoomsForProcessResponse.md
  - docs/models/operations/GetConnectionInfoRequest.md
  - docs/models/operations/GetConnectionInfoResponse.md
  - docs/models/operations/GetInactiveRoomsForProcessRequest.md
  - docs/models/operations/GetInactiveRoomsForProcessResponse.md
  - docs/models/operations/GetRoomInfoRequest.md
  - docs/models/operations/GetRoomInfoResponse.md
  - docs/models/operations/SuspendRoomRequest.md
  - docs/models/operations/SuspendRoomResponse.md
  - docs/models/operations/UpdateRoomConfigRequest.md
  - docs/models/operations/UpdateRoomConfigResponse.md
  - docs/models/shared/Application.md
  - docs/models/shared/Google.md
  - docs/models/shared/AuthConfiguration.md
  - docs/models/shared/RecordStringNever.md
  - docs/models/shared/ApiError.md
  - docs/models/shared/AppConfig.md
  - docs/models/shared/ApplicationWithDeployment.md
  - docs/models/shared/Env.md
  - docs/models/shared/DeploymentTransportType.md
  - docs/models/shared/Deployment.md
  - docs/models/shared/PlanName.md
  - docs/models/shared/ContainerPort.md
  - docs/models/shared/TransportType.md
  - docs/models/shared/LoginResponse.md
  - docs/models/shared/LoginGoogleRequest.md
  - docs/models/shared/LoginNicknameRequest.md
  - docs/models/shared/InvoiceStatus.md
  - docs/models/shared/Invoice.md
  - docs/models/shared/PaymentMethod.md
  - docs/models/shared/LinkPaymentMethod.md
  - docs/models/shared/CardPaymentMethod.md
  - docs/models/shared/CardBrand.md
  - docs/models/shared/AchPaymentMethod.md
  - docs/models/shared/CustomerPortalUrl.md
  - docs/models/shared/RegionalContainerTags.md
  - docs/models/shared/BuildStatus.md
  - docs/models/shared/Build.md
  - docs/models/shared/Region.md
  - docs/models/shared/CreateBuildParams.md
  - docs/models/shared/DeploymentConfigEnv.md
  - docs/models/shared/DeploymentConfig.md
  - docs/models/shared/DiscoveryResponse.md
  - docs/models/shared/State.md
  - docs/models/shared/Lobby.md
  - docs/models/shared/LobbyVisibility.md
  - docs/models/shared/LobbyInitialConfig.md
  - docs/models/shared/CreateLobbyParams.md
  - docs/models/shared/SetLobbyStateParamsState.md
  - docs/models/shared/SetLobbyStateParams.md
  - docs/models/shared/LobbyV3.md
  - docs/models/shared/CreateLobbyV3Params.md
  - docs/models/shared/VerificationEmailResponseStatus.md
  - docs/models/shared/VerificationEmailResponse.md
  - docs/models/shared/VerificationEmailRequest.md
  - docs/models/shared/MetricsResponse.md
  - docs/models/shared/MetricValue.md
  - docs/models/shared/MetricName.md
  - docs/models/shared/Process.md
  - docs/models/shared/ExposedPort.md
  - docs/models/shared/ProcessWithRooms.md
  - docs/models/shared/RoomWithoutAllocationsCurrentAllocation.md
  - docs/models/shared/RoomWithoutAllocations.md
  - docs/models/shared/RoomStatus.md
  - docs/models/shared/ProcessV2.md
  - docs/models/shared/ProcessStatus.md
  - docs/models/shared/CreateRoomParams.md
  - docs/models/shared/ConnectionInfo.md
  - docs/models/shared/StartingConnectionInfoStatus.md
  - docs/models/shared/StartingConnectionInfo.md
  - docs/models/shared/Status.md
  - docs/models/shared/ActiveConnectionInfo.md
  - docs/models/shared/CurrentAllocation.md
  - docs/models/shared/Room.md
  - docs/models/shared/RoomAllocation.md
  - docs/models/shared/CreateRoomResponseStatus.md
  - docs/models/shared/CreateRoomResponse.md
  - docs/models/shared/ConnectionInfoV2Status.md
  - docs/models/shared/ConnectionInfoV2.md
  - docs/models/shared/UpdateRoomConfigParams.md
  - docs/models/shared/Security.md
  - docs/sdks/hathoracloud/README.md
  - docs/sdks/appv1/README.md
  - docs/sdks/authv1/README.md
  - docs/sdks/billingv1/README.md
  - docs/sdks/buildv1/README.md
  - docs/sdks/deploymentv1/README.md
  - docs/sdks/discoveryv1/README.md
  - docs/sdks/lobbyv1/README.md
  - docs/sdks/lobbyv2/README.md
  - docs/sdks/lobbyv3/README.md
  - docs/sdks/logv1/README.md
  - docs/sdks/managementv1/README.md
  - docs/sdks/metricsv1/README.md
  - docs/sdks/processesv1/README.md
  - docs/sdks/processesv2/README.md
  - docs/sdks/roomv1/README.md
  - docs/sdks/roomv2/README.md
  - USAGE.md
