speakeasyVersion: 1.352.1
sources:
    java-source:
        sourceNamespace: java-source
        sourceRevisionDigest: sha256:0915b322d6ced9eec2cbd51fa20a9950a6668d0e15952bdbe7ef5ce1cd72dc60
        sourceBlobDigest: sha256:fb37077237d44411ed27229bb94ab2305e9892d857b1a5be257090d7050c0b31
        tags:
            - latest
            - main
targets:
    hathora-java:
        source: java-source
        sourceNamespace: java-source
        sourceRevisionDigest: sha256:0915b322d6ced9eec2cbd51fa20a9950a6668d0e15952bdbe7ef5ce1cd72dc60
        sourceBlobDigest: sha256:fb37077237d44411ed27229bb94ab2305e9892d857b1a5be257090d7050c0b31
        outLocation: /github/workspace/repo
workflow:
    workflowVersion: 1.0.0
    speakeasyVersion: latest
    sources:
        java-source:
            inputs:
                - location: https://hathora.dev/swagger.json
            registry:
                location: registry.speakeasyapi.dev/hathora/hathora/java-source
    targets:
        hathora-java:
            target: java
            source: java-source
            publish:
                java:
                    ossrhUsername: 9BQq3qir
                    ossrhPassword: $ossrh_password
                    gpgSecretKey: $java_gpg_secret_key
                    gpgPassPhrase: $java_gpg_passphrase
            codeSamples:
                output: codeSamples.yaml
