speakeasyVersion: 1.420.0
sources:
    java-source:
        sourceNamespace: java-source
        sourceRevisionDigest: sha256:6668f9d8c0cc14efe50f9db315926d4f7af09d9869ea2d71530f4c4363631a50
        sourceBlobDigest: sha256:4f8be32df07db1363406faf1b3655e237643c7e536ffa5d49c70e6da77147d71
        tags:
            - latest
            - main
targets:
    hathora-java:
        source: java-source
        sourceNamespace: java-source
        sourceRevisionDigest: sha256:6668f9d8c0cc14efe50f9db315926d4f7af09d9869ea2d71530f4c4363631a50
        sourceBlobDigest: sha256:4f8be32df07db1363406faf1b3655e237643c7e536ffa5d49c70e6da77147d71
        codeSamplesNamespace: code-samples-java-hathora-java
        codeSamplesRevisionDigest: sha256:231cc097ae140afaaa8dc9d6d6fc997b74db86e70cd54489f1d54b3c95a51c9f
workflow:
    workflowVersion: 1.0.0
    speakeasyVersion: latest
    sources:
        java-source:
            inputs:
                - location: https://hathora.dev/swagger.json
            registry:
                location: registry.speakeasyapi.dev/hathora/hathora/java-source
    targets:
        hathora-java:
            target: java
            source: java-source
            publish:
                java:
                    ossrhUsername: hEuK3iaG
                    ossrhPassword: $ossrh_password
                    gpgSecretKey: $java_gpg_secret_key
                    gpgPassPhrase: $java_gpg_passphrase
            codeSamples:
                output: codeSamples.yaml
                registry:
                    location: registry.speakeasyapi.dev/hathora/hathora/code-samples-java-hathora-java
